{
  "version": 1,
  "dependencies": {
    "net10.0-windows7.0": {
      "Glob": {
        "type": "Direct",
        "requested": "[1.1.9, )",
        "resolved": "1.1.9",
        "contentHash": "AfK5+ECWYTP7G3AAdnU8IfVj+QpGjrh9GC2mpdcJzCvtQ4pnerAGwHsxJ9D4/RnhDUz2DSzd951O/lQjQby2Sw=="
      },
      "LZMA-SDK": {
        "type": "Direct",
        "requested": "[22.1.1, )",
        "resolved": "22.1.1",
        "contentHash": "lxG8/H53OCqebnDFlTStwzbgtmUN/DqnXN8kffa/ctHcSEHhIPDyEa3jLzpZxVX5F8bmJgvb1mna6gnhetykIw=="
      },
      "MahApps.Metro.IconPacks": {
        "type": "Direct",
        "requested": "[6.2.1, )",
        "resolved": "6.2.1",
        "contentHash": "D4iq02tGW42jn0go7M+mBI8uMkfAmUrPwQl9gaV3WqiIssjABwP9vAtU05NTWUx9lB0xl+YlfcnVfFoKki0Ylw==",
        "dependencies": {
          "MahApps.Metro.IconPacks.BootstrapIcons": "6.2.1",
          "MahApps.Metro.IconPacks.BoxIcons": "6.2.1",
          "MahApps.Metro.IconPacks.BoxIcons2": "6.2.1",
          "MahApps.Metro.IconPacks.CircumIcons": "6.2.1",
          "MahApps.Metro.IconPacks.Codicons": "6.2.1",
          "MahApps.Metro.IconPacks.Coolicons": "6.2.1",
          "MahApps.Metro.IconPacks.Core": "6.2.1",
          "MahApps.Metro.IconPacks.Entypo": "6.2.1",
          "MahApps.Metro.IconPacks.EvaIcons": "6.2.1",
          "MahApps.Metro.IconPacks.FeatherIcons": "6.2.1",
          "MahApps.Metro.IconPacks.FileIcons": "6.2.1",
          "MahApps.Metro.IconPacks.FontAwesome": "6.2.1",
          "MahApps.Metro.IconPacks.FontAwesome5": "6.2.1",
          "MahApps.Metro.IconPacks.FontAwesome6": "6.2.1",
          "MahApps.Metro.IconPacks.Fontaudio": "6.2.1",
          "MahApps.Metro.IconPacks.Fontisto": "6.2.1",
          "MahApps.Metro.IconPacks.ForkAwesome": "6.2.1",
          "MahApps.Metro.IconPacks.GameIcons": "6.2.1",
          "MahApps.Metro.IconPacks.Ionicons": "6.2.1",
          "MahApps.Metro.IconPacks.JamIcons": "6.2.1",
          "MahApps.Metro.IconPacks.KeyruneIcons": "6.2.1",
          "MahApps.Metro.IconPacks.Lucide": "6.2.1",
          "MahApps.Metro.IconPacks.Material": "6.2.1",
          "MahApps.Metro.IconPacks.MaterialDesign": "6.2.1",
          "MahApps.Metro.IconPacks.MaterialLight": "6.2.1",
          "MahApps.Metro.IconPacks.MemoryIcons": "6.2.1",
          "MahApps.Metro.IconPacks.Microns": "6.2.1",
          "MahApps.Metro.IconPacks.MingCuteIcons": "6.2.1",
          "MahApps.Metro.IconPacks.Modern": "6.2.1",
          "MahApps.Metro.IconPacks.MynaUIIcons": "6.2.1",
          "MahApps.Metro.IconPacks.Octicons": "6.2.1",
          "MahApps.Metro.IconPacks.PhosphorIcons": "6.2.1",
          "MahApps.Metro.IconPacks.PicolIcons": "6.2.1",
          "MahApps.Metro.IconPacks.PixelartIcons": "6.2.1",
          "MahApps.Metro.IconPacks.RPGAwesome": "6.2.1",
          "MahApps.Metro.IconPacks.RadixIcons": "6.2.1",
          "MahApps.Metro.IconPacks.RemixIcon": "6.2.1",
          "MahApps.Metro.IconPacks.SimpleIcons": "6.2.1",
          "MahApps.Metro.IconPacks.Typicons": "6.2.1",
          "MahApps.Metro.IconPacks.Unicons": "6.2.1",
          "MahApps.Metro.IconPacks.VaadinIcons": "6.2.1",
          "MahApps.Metro.IconPacks.WeatherIcons": "6.2.1",
          "MahApps.Metro.IconPacks.Zondicons": "6.2.1"
        }
      },
      "Microsoft.Web.WebView2": {
        "type": "Direct",
        "requested": "[1.0.4191.47, )",
        "resolved": "1.0.4191.47",
        "contentHash": "Snb6mlTpuz6ZFjWMwIdg28Xp6kAUMy3zaLUyGbFSaw+/AJKlwoX8EiaWJ1eUMfKyJHksPkFjJHl1LIB7kX+0AQ=="
      },
      "Microsoft.Windows.Compatibility": {
        "type": "Direct",
        "requested": "[10.0.12, )",
        "resolved": "10.0.12",
        "contentHash": "meuXEe9CtjYBXQMzw3uS0eZSyOF5d4XLVkLCgqg4IQn76Cg6tIC83lz9dL3ZdbZSCV7V23JLceLfxcpYdj/kfQ==",
        "dependencies": {
          "System.ComponentModel.Composition": "10.0.12",
          "System.ComponentModel.Composition.Registration": "10.0.12",
          "System.Data.Odbc": "10.0.12",
          "System.Data.OleDb": "10.0.12",
          "System.Data.SqlClient": "4.9.1",
          "System.DirectoryServices.AccountManagement": "10.0.12",
          "System.DirectoryServices.Protocols": "10.0.12",
          "System.IO.Ports": "10.0.12",
          "System.Management": "10.0.12",
          "System.Reflection.Context": "10.0.12",
          "System.Runtime.Caching": "10.0.12",
          "System.ServiceModel.Http": "8.1.2",
          "System.ServiceModel.NetTcp": "8.1.2",
          "System.ServiceModel.Primitives": "8.1.2",
          "System.ServiceModel.Syndication": "10.0.12",
          "System.ServiceProcess.ServiceController": "10.0.12",
          "System.Speech": "10.0.12",
          "System.Web.Services.Description": "8.1.2"
        }
      },
      "Newtonsoft.Json": {
        "type": "Direct",
        "requested": "[13.0.4, )",
        "resolved": "13.0.4",
        "contentHash": "pdgNNMai3zv51W5aq268sujXUyx7SNdE2bj1wZcWjAQrKMFZV260lbqYop1d2GM67JI1huLRwxo9ZqnfF/lC6A=="
      },
      "ValveKeyValue": {
        "type": "Direct",
        "requested": "[0.20.0.417, )",
        "resolved": "0.20.0.417",
        "contentHash": "WFTaFAj7rtHJvVgQGMHZS/Jz9b9rjFES/G0pM+PZsBmz6zHF2V45OGjqwhOLqPChrVvGZ+ed/+csNLPRldbRjg=="
      },
      "WPF-UI": {
        "type": "Direct",
        "requested": "[4.3.0, )",
        "resolved": "4.3.0",
        "contentHash": "SIHhc8lIrhEQ/1cLFZN6Dtf8cqsLm4myBULj9obnacd9TyDs2vizhKYzRzTlcPEcnzb3L4EstvPN3M6kcXbJCA==",
        "dependencies": {
          "WPF-UI.Abstractions": "4.3.0"
        }
      },
      "MahApps.Metro.IconPacks.BootstrapIcons": {
        "type": "Transitive",
        "resolved": "6.2.1",
        "contentHash": "dTd5CaF63Ke2mWKlpagKEoU7sQmAtpoTyIMrZulPtI8N6OEkA6my3ekTPEt0OHu68zjiiXzZA5HLH2dlHUX+9w==",
        "dependencies": {
          "MahApps.Metro.IconPacks.Core": "6.2.1"
        }
      },
      "MahApps.Metro.IconPacks.BoxIcons": {
        "type": "Transitive",
        "resolved": "6.2.1",
        "contentHash": "fvxelxwj1Fr+osvmJnvlSthN34ZpwWMDacCWSGpylw8Pz+bFWcPIA3DxDMbxshvUhZ5dYzigCOxHZKG/BHPEdw==",
        "dependencies": {
          "MahApps.Metro.IconPacks.Core": "6.2.1"
        }
      },
      "MahApps.Metro.IconPacks.BoxIcons2": {
        "type": "Transitive",
        "resolved": "6.2.1",
        "contentHash": "TkTvGg1L/w3kCGB7D7Hqd3EhYevijeknuh/VGVsaF47J4eOwf42Y2zXV7rpCXAY13zfrGWCq8RQQdacwFStQow==",
        "dependencies": {
          "MahApps.Metro.IconPacks.Core": "6.2.1"
        }
      },
      "MahApps.Metro.IconPacks.CircumIcons": {
        "type": "Transitive",
        "resolved": "6.2.1",
        "contentHash": "6L+lBg3Cj8Tq1TK0FHIBvS4t9iDa9V966dGZrzNAryZD/jQ2ncvz4rIDsZpSnsrLIhxMqChLvNogg3sDEuchtA==",
        "dependencies": {
          "MahApps.Metro.IconPacks.Core": "6.2.1"
        }
      },
      "MahApps.Metro.IconPacks.Codicons": {
        "type": "Transitive",
        "resolved": "6.2.1",
        "contentHash": "+pQeVS29X7pG7qrJ4y0ZPSRUQVaWidwwM/tdoIABo40MQpC0Izg8t1BXnXprP0C10Od9Zzsi2Qt/GWgfEW/aSw==",
        "dependencies": {
          "MahApps.Metro.IconPacks.Core": "6.2.1"
        }
      },
      "MahApps.Metro.IconPacks.Coolicons": {
        "type": "Transitive",
        "resolved": "6.2.1",
        "contentHash": "YdAqLEsLON2ripNNXkzrVX3iHQgEVXvfcvChx/2UsFyefV63RMVRu1rXCtLrOGRm/NAl7okTu2d6IeUVj+bCFQ==",
        "dependencies": {
          "MahApps.Metro.IconPacks.Core": "6.2.1"
        }
      },
      "MahApps.Metro.IconPacks.Core": {
        "type": "Transitive",
        "resolved": "6.2.1",
        "contentHash": "ySAyax37C045Ef1ufN33yQjn3qPM1MuQLgKdxZKYUAl2uZaIrn9wCeBNvfG46QPNRvBFLR6gVKTs6O3o81LNhQ=="
      },
      "MahApps.Metro.IconPacks.Entypo": {
        "type": "Transitive",
        "resolved": "6.2.1",
        "contentHash": "H1xzNFcF1gPgkrMFT3RgVc+whTZ88+g1hFUzaRkZYjH7k4JGGxsb6dqVjHyMQCbSygCUiWNuzy0yzNrv1krQOg==",
        "dependencies": {
          "MahApps.Metro.IconPacks.Core": "6.2.1"
        }
      },
      "MahApps.Metro.IconPacks.EvaIcons": {
        "type": "Transitive",
        "resolved": "6.2.1",
        "contentHash": "bUQfSeAb0uphQrhks3Mhj5kk+WsqL22dPF5b9DSVrRi7bHgWt2+ciMZZp85Q+zFKtHM3PkdGC2nUbl0bBu6AyQ==",
        "dependencies": {
          "MahApps.Metro.IconPacks.Core": "6.2.1"
        }
      },
      "MahApps.Metro.IconPacks.FeatherIcons": {
        "type": "Transitive",
        "resolved": "6.2.1",
        "contentHash": "a5sxUHp39ejJu6p2wbbJT71tYY4zYuS+N4Vb9VxcnsQqaeMktuHtiy1ySR43h4dkdzhAohbyxvb9j80AkDXZLA==",
        "dependencies": {
          "MahApps.Metro.IconPacks.Core": "6.2.1"
        }
      },
      "MahApps.Metro.IconPacks.FileIcons": {
        "type": "Transitive",
        "resolved": "6.2.1",
        "contentHash": "Rir1rKL8LNhxhWNmVdWDbSRjoJg+y0t4kqDdD5zLH6T7uFm6yjPvIEK4pvA30NIFPgvl4bkN2TKQLv+7P4FNDw==",
        "dependencies": {
          "MahApps.Metro.IconPacks.Core": "6.2.1"
        }
      },
      "MahApps.Metro.IconPacks.Fontaudio": {
        "type": "Transitive",
        "resolved": "6.2.1",
        "contentHash": "AsYb9vBKtkYBPV/3OEGTijH+wrlxxPcMFRXVbbRZLz1E9JIoGxkRcwnFryWs2bhDIMiLVzj2DgYClqvJSovmEw==",
        "dependencies": {
          "MahApps.Metro.IconPacks.Core": "6.2.1"
        }
      },
      "MahApps.Metro.IconPacks.FontAwesome": {
        "type": "Transitive",
        "resolved": "6.2.1",
        "contentHash": "Su6jzajwH8rP7H5OGhXvyC2SlsoyH0pNwNCkDFSP5zyVQlMtmUZGOY8X0Qcj1QFn+t4TmEnMjwGMB6RuzozgEg==",
        "dependencies": {
          "MahApps.Metro.IconPacks.Core": "6.2.1"
        }
      },
      "MahApps.Metro.IconPacks.FontAwesome5": {
        "type": "Transitive",
        "resolved": "6.2.1",
        "contentHash": "PNTiFAT/+ro1SitUj8k+gGWDq7mC/eYD1cy8QfF84ZyCp+goLh5BApj0IGvv+eisLMw7hFIIzI8vIHQ1GbyExw==",
        "dependencies": {
          "MahApps.Metro.IconPacks.Core": "6.2.1"
        }
      },
      "MahApps.Metro.IconPacks.FontAwesome6": {
        "type": "Transitive",
        "resolved": "6.2.1",
        "contentHash": "IB2AdqnGAdM2RK8Ekmf8U2VBw7cAnRQHQaVJ1Kv/0Ek+VavsmUqlyotmSg28iL4Sq9BBC2SQrRbvuIGfz9seWA==",
        "dependencies": {
          "MahApps.Metro.IconPacks.Core": "6.2.1"
        }
      },
      "MahApps.Metro.IconPacks.Fontisto": {
        "type": "Transitive",
        "resolved": "6.2.1",
        "contentHash": "+JDR5+YpYq/iBdj7DZiT5XA4U5+I2kxqxGK6usqOi077iemIEXKWxhrEiWyruHfRQt4VrD/WGy27PrJzU/h6cA==",
        "dependencies": {
          "MahApps.Metro.IconPacks.Core": "6.2.1"
        }
      },
      "MahApps.Metro.IconPacks.ForkAwesome": {
        "type": "Transitive",
        "resolved": "6.2.1",
        "contentHash": "luVbeZF3hH7DQl+QCT6NV9vGJ8a1CtOJd0W2AShOms8YuAU4RnsHMm9jrrONpCBeVqQI8mpFRTzd0bYit8gilg==",
        "dependencies": {
          "MahApps.Metro.IconPacks.Core": "6.2.1"
        }
      },
      "MahApps.Metro.IconPacks.GameIcons": {
        "type": "Transitive",
        "resolved": "6.2.1",
        "contentHash": "oOVAHye1k+cjfXaGfBP6nu5AtZND65WhsolAqmS8wMtM5wPN5q0k8jUq3lxm5/MRMh+rCT99oAcZKmyDaRlcVA==",
        "dependencies": {
          "MahApps.Metro.IconPacks.Core": "6.2.1"
        }
      },
      "MahApps.Metro.IconPacks.Ionicons": {
        "type": "Transitive",
        "resolved": "6.2.1",
        "contentHash": "WBHtfiUfEGUPiLaJkQ2ZXipo01eRbW6PM6qI7S4LLPGs5FM9YIy6PiaeahN8FcYS/HnYx8E2HSJ99R+U+M2nBA==",
        "dependencies": {
          "MahApps.Metro.IconPacks.Core": "6.2.1"
        }
      },
      "MahApps.Metro.IconPacks.JamIcons": {
        "type": "Transitive",
        "resolved": "6.2.1",
        "contentHash": "9Jc2IzyBa0vASPCup7woKHTSwG31rtBvZsdpA+Jot++eWkZpvCpgWn8BKdcNcIh3Hjnve9qLzPWb11WobPO2CQ==",
        "dependencies": {
          "MahApps.Metro.IconPacks.Core": "6.2.1"
        }
      },
      "MahApps.Metro.IconPacks.KeyruneIcons": {
        "type": "Transitive",
        "resolved": "6.2.1",
        "contentHash": "9Cs7gIl1WCTsZHPgX0Ri32r8vTPi32Zxf/z/3CxLpfksY7qsTodCWWWlIgjEqxriWE/AGoUzdh1o73j5qtQ/RQ==",
        "dependencies": {
          "MahApps.Metro.IconPacks.Core": "6.2.1"
        }
      },
      "MahApps.Metro.IconPacks.Lucide": {
        "type": "Transitive",
        "resolved": "6.2.1",
        "contentHash": "xehG2J/Ljfa6NxlKCqvDxnxUMrApR0xSLGaoaFSVN531jF+WNZNAaUvE9qkxOHKZ+jpH4gUnb2sC3qNcpAGVkA==",
        "dependencies": {
          "MahApps.Metro.IconPacks.Core": "6.2.1"
        }
      },
      "MahApps.Metro.IconPacks.Material": {
        "type": "Transitive",
        "resolved": "6.2.1",
        "contentHash": "DcNQIsJLAmuzlpXdD2hQtMV8IzLRHsxFBn9+nHDLAsYs8duTBTycpNpQitkzuNYH0o+sgIbefCSp3jDUu9hIiQ==",
        "dependencies": {
          "MahApps.Metro.IconPacks.Core": "6.2.1"
        }
      },
      "MahApps.Metro.IconPacks.MaterialDesign": {
        "type": "Transitive",
        "resolved": "6.2.1",
        "contentHash": "qMQHCZzHoBZy3bcU9CBf9GusPMpbxy0DPxiJrfbhM7IHh/hK5xWREoP2TOevqAVTEOk3YszWbiJBkYo/oeEliw==",
        "dependencies": {
          "MahApps.Metro.IconPacks.Core": "6.2.1"
        }
      },
      "MahApps.Metro.IconPacks.MaterialLight": {
        "type": "Transitive",
        "resolved": "6.2.1",
        "contentHash": "8ypOe4HwSGnoQl/JIpC5hb6VnK+xFtSbvhlTmw+cnJVNluiwWdpJv+m9jpU3/9+SRkJRHVgHvEMwEXQx/XmS4A==",
        "dependencies": {
          "MahApps.Metro.IconPacks.Core": "6.2.1"
        }
      },
      "MahApps.Metro.IconPacks.MemoryIcons": {
        "type": "Transitive",
        "resolved": "6.2.1",
        "contentHash": "TIU3n0ZXhKgpSaSlqg3EEjPBp+E89UyV6nOhK4DCP9yUbnZ/CuLmkwrrd2rtt9au+VD+TB1lWbA6+3NjpH7G9Q==",
        "dependencies": {
          "MahApps.Metro.IconPacks.Core": "6.2.1"
        }
      },
      "MahApps.Metro.IconPacks.Microns": {
        "type": "Transitive",
        "resolved": "6.2.1",
        "contentHash": "stnuTZXy+k7BmKGvI4oP0NlspElhernJ4yFXUlEkA3X/38qlqq+YltM5KPPKgQo1BLHj58lOOn+U03grfdPI5A==",
        "dependencies": {
          "MahApps.Metro.IconPacks.Core": "6.2.1"
        }
      },
      "MahApps.Metro.IconPacks.MingCuteIcons": {
        "type": "Transitive",
        "resolved": "6.2.1",
        "contentHash": "AfMV+SbqWabsuQdS6wt7SpinS5cah+7Pkdj+bfhHBBizdMsL+nY8+tiwmKF1up+wfZm8lCvnrCQWTkJ2mMSjUA==",
        "dependencies": {
          "MahApps.Metro.IconPacks.Core": "6.2.1"
        }
      },
      "MahApps.Metro.IconPacks.Modern": {
        "type": "Transitive",
        "resolved": "6.2.1",
        "contentHash": "xCDNREDX37HZE1YIAwQ9YOwwhQLHRby1ec1FwLKRU6MWX0OJuceqk3HY3532xG7KpGGaOIV/dpB5vFq3oo+wug==",
        "dependencies": {
          "MahApps.Metro.IconPacks.Core": "6.2.1"
        }
      },
      "MahApps.Metro.IconPacks.MynaUIIcons": {
        "type": "Transitive",
        "resolved": "6.2.1",
        "contentHash": "StYsKBuK2kKfUdkKq6ZDa5xtlWk4gyI59ip9mS30niYxn4K0yAZIMEyx1EX4efpGanlLF4oPGZ/YUvWGfl98NA==",
        "dependencies": {
          "MahApps.Metro.IconPacks.Core": "6.2.1"
        }
      },
      "MahApps.Metro.IconPacks.Octicons": {
        "type": "Transitive",
        "resolved": "6.2.1",
        "contentHash": "1WGEPYjdcOMgXNspZHhYXooNJbylZyqLAkzXiCvlu1pW6HinBzaJI+vSkPtoZaF9QaMkSxwT2ZxG4mMkbhUowA==",
        "dependencies": {
          "MahApps.Metro.IconPacks.Core": "6.2.1"
        }
      },
      "MahApps.Metro.IconPacks.PhosphorIcons": {
        "type": "Transitive",
        "resolved": "6.2.1",
        "contentHash": "PTfhQXTe3INWoELJy0dCfm92/faS6hF3F/C4kZyTiVe9Pgf21cd5v7kIBeT2m/eNHyEBFZX2ifmk8Q3xK1dr7g==",
        "dependencies": {
          "MahApps.Metro.IconPacks.Core": "6.2.1"
        }
      },
      "MahApps.Metro.IconPacks.PicolIcons": {
        "type": "Transitive",
        "resolved": "6.2.1",
        "contentHash": "6lEuXdF77v9Ip4QoDEJm7+mrfVRz7EV3LJGxDzVfPsSPwA4VxIsqOU0xHKDQ/5Ekv+gPXW/PQtecfjlQ+UrWGw==",
        "dependencies": {
          "MahApps.Metro.IconPacks.Core": "6.2.1"
        }
      },
      "MahApps.Metro.IconPacks.PixelartIcons": {
        "type": "Transitive",
        "resolved": "6.2.1",
        "contentHash": "KJwxtRvqpMHRkghru0H7AZcDgUDpgNq4bQTclivcQyUTChedfZh64REfJ1B5QCfKdCKmvVMR66JpJnGoM6ekdA==",
        "dependencies": {
          "MahApps.Metro.IconPacks.Core": "6.2.1"
        }
      },
      "MahApps.Metro.IconPacks.RadixIcons": {
        "type": "Transitive",
        "resolved": "6.2.1",
        "contentHash": "1COtOqMAtgOydnx8cU/ukwNn4KRAzaFp5+SCucYgjyq0vdm1+1hi8inNDEZvIJqAhCSdCU13afFhsL/1KYLbBQ==",
        "dependencies": {
          "MahApps.Metro.IconPacks.Core": "6.2.1"
        }
      },
      "MahApps.Metro.IconPacks.RemixIcon": {
        "type": "Transitive",
        "resolved": "6.2.1",
        "contentHash": "ROcfFFN2S45IV7dqU6Alf8i5gMIG+4iArm8Mzb+KXjiyLOHpTZ/QHGIy9DtqIG4NuCO9pwf+fNTGCsDlXIG3TQ==",
        "dependencies": {
          "MahApps.Metro.IconPacks.Core": "6.2.1"
        }
      },
      "MahApps.Metro.IconPacks.RPGAwesome": {
        "type": "Transitive",
        "resolved": "6.2.1",
        "contentHash": "6zHlSIU5z5meUIjDpwX872Z9Zd1ZhBRuohWiy0a+AUevdOpPw9or7rGpiMAdAzEvmab4sy9Un787A4YC5LQr7w==",
        "dependencies": {
          "MahApps.Metro.IconPacks.Core": "6.2.1"
        }
      },
      "MahApps.Metro.IconPacks.SimpleIcons": {
        "type": "Transitive",
        "resolved": "6.2.1",
        "contentHash": "EbK+/s00A72ATU+Qpk72ZxQsLvVGGRD8UA/jsGDqV0Hlym0I//dtQjYwWxzfwmTp2Ay3Sh6RmLu49qqv3Ey2/Q==",
        "dependencies": {
          "MahApps.Metro.IconPacks.Core": "6.2.1"
        }
      },
      "MahApps.Metro.IconPacks.Typicons": {
        "type": "Transitive",
        "resolved": "6.2.1",
        "contentHash": "o6kNl3wKxsO1MkgRg8V/wY7un1ueNBbqy5Ut3Y46mC2vVzEwxcejss5+BtuO/oFud3GQtet2Ng53z+70dNjG4Q==",
        "dependencies": {
          "MahApps.Metro.IconPacks.Core": "6.2.1"
        }
      },
      "MahApps.Metro.IconPacks.Unicons": {
        "type": "Transitive",
        "resolved": "6.2.1",
        "contentHash": "JdTZD7CtLjcf+Ne0jN6EsyvG/Dl+v4w08OQRSC9XTknuVW/zlJyHcxbJy+NvkBdcO+Jup/TwNslV5g9xVheavQ==",
        "dependencies": {
          "MahApps.Metro.IconPacks.Core": "6.2.1"
        }
      },
      "MahApps.Metro.IconPacks.VaadinIcons": {
        "type": "Transitive",
        "resolved": "6.2.1",
        "contentHash": "6GOuzyvLNojG+NLZDULsWSfQ+RAh2v8W6n2iPWc+c1pDcmgbuKCPiazQXb0YpPuldGEOpK1ur6WJOXXsrTRR6A==",
        "dependencies": {
          "MahApps.Metro.IconPacks.Core": "6.2.1"
        }
      },
      "MahApps.Metro.IconPacks.WeatherIcons": {
        "type": "Transitive",
        "resolved": "6.2.1",
        "contentHash": "ChU6387+6rDPQZRS/L7wT4YFMmSvv0AdeCBAPVZTeW3SdeFt49tOWQvz2Xpb+N55Qn4tGjb+/lE2dg/NAYYU2w==",
        "dependencies": {
          "MahApps.Metro.IconPacks.Core": "6.2.1"
        }
      },
      "MahApps.Metro.IconPacks.Zondicons": {
        "type": "Transitive",
        "resolved": "6.2.1",
        "contentHash": "6+IMX7VptiD05ctXsjhEcvBHx0Gbj4DH1j13Ko5gk9yO7m6cCYaWqsKlt/GMH5CJEfa7Obz9+1pRstOzxZ03+A==",
        "dependencies": {
          "MahApps.Metro.IconPacks.Core": "6.2.1"
        }
      },
      "Microsoft.Extensions.ObjectPool": {
        "type": "Transitive",
        "resolved": "8.0.10",
        "contentHash": "u7gAG7JgxF8VSJUGPSudAcPxOt+ymJKQCSxNRxiuKV+klCQbHljQR75SilpedCTfhPWDhtUwIJpnDVtspr9nMg=="
      },
      "runtime.android-arm.runtime.native.System.IO.Ports": {
        "type": "Transitive",
        "resolved": "10.0.12",
        "contentHash": "Z/jM+BuTfcX79NS8VbO4d15Tkyu8EqO2E8U3HiTQPpohGzhJFwlh6BNzbo/sYfhJSCPOzgSTNRNwIdT4LnVIRA=="
      },
      "runtime.android-arm64.runtime.native.System.IO.Ports": {
        "type": "Transitive",
        "resolved": "10.0.12",
        "contentHash": "utoE99MiG/ridu5LjjQifFt6qQ3vqGzWJt32McOc6BpgYfT8jcujFZTR3XKo5vbOH0P81niXQLYXq5wUkm8s5Q=="
      },
      "runtime.android-x64.runtime.native.System.IO.Ports": {
        "type": "Transitive",
        "resolved": "10.0.12",
        "contentHash": "j/bG8wTQ+qABBQtLqnvjna/e7EwN+oQKeXQF1J2sYp1qtAnrU93XukWk55gLcWPuStd/oEEGdBnmyS/rIJ2hRw=="
      },
      "runtime.android-x86.runtime.native.System.IO.Ports": {
        "type": "Transitive",
        "resolved": "10.0.12",
        "contentHash": "UnOkndww8moHF8NKSFyslswuIkEKOmxAdIW83gg2CV2JTh4G62jZ7PNYbSrYH2BTbAQA7UTGZWZgOALu/LzVVQ=="
      },
      "runtime.linux-arm.runtime.native.System.IO.Ports": {
        "type": "Transitive",
        "resolved": "10.0.12",
        "contentHash": "SZMB6F6EiZFNTHs5ado5lwqXsYit/bQdtSeaP/HxHqlJ67+aBwsElmT88UUZCnHTvdcSxNyntzelHmK2U6j+6g=="
      },
      "runtime.linux-arm64.runtime.native.System.IO.Ports": {
        "type": "Transitive",
        "resolved": "10.0.12",
        "contentHash": "C++hCDe7uJB69rlC8C4yBVxe6oJMCwK6+wXCHKz/8yHUm4UDUojxOj/DaXfK2M9zLVEurjEQTqfEKTkI5rmAhg=="
      },
      "runtime.linux-bionic-arm64.runtime.native.System.IO.Ports": {
        "type": "Transitive",
        "resolved": "10.0.12",
        "contentHash": "aPlLOh2vMfMiWaEcxB72t4LZehqXria6O+/KSwk0SClBDEDOetDMeGzvAL2eSW49GTTJOUgfPG4Ar6AYGpOeOg=="
      },
      "runtime.linux-bionic-x64.runtime.native.System.IO.Ports": {
        "type": "Transitive",
        "resolved": "10.0.12",
        "contentHash": "39560dDxf2JWUjeBKPh+1Hzijsd60U2W5UMc2iqno/qae7ESARett9JegQA8q0rgqztGBzZFfr8GvVu2QptYpA=="
      },
      "runtime.linux-musl-arm.runtime.native.System.IO.Ports": {
        "type": "Transitive",
        "resolved": "10.0.12",
        "contentHash": "2KI4Qr0w17xkKtLXgo5e3BkElEa4bTCapevoNOH9NgRZKIKmHiwGWDVHWjLp8z8oGpeF3cD4YNuJmycT/yMzkg=="
      },
      "runtime.linux-musl-arm64.runtime.native.System.IO.Ports": {
        "type": "Transitive",
        "resolved": "10.0.12",
        "contentHash": "HSZfyGYdk/AQpN1TjdAE7DbUItEMPPoOemNSQ+fMwT0r7ATigIK9Z0RA+q/J6aZGg0qh9s0ekm/9xxEIZzOnLA=="
      },
      "runtime.linux-musl-x64.runtime.native.System.IO.Ports": {
        "type": "Transitive",
        "resolved": "10.0.12",
        "contentHash": "T4QpdiKC2SnSREXzex8METnaj5F9KL0hIcDypDhONRXykmySxLSUnLV1u6hMtxONhKo1RXTGg0P/+zZ95cREaw=="
      },
      "runtime.linux-x64.runtime.native.System.IO.Ports": {
        "type": "Transitive",
        "resolved": "10.0.12",
        "contentHash": "MDmkBZV5iTMC/vBcWupVo50Uj/I+nWUeB/DaG4ZbowZFJWPiViCaJpCkgABnRBtXLdzIMEtqQ2GwPbp1JlkzTw=="
      },
      "runtime.maccatalyst-arm64.runtime.native.System.IO.Ports": {
        "type": "Transitive",
        "resolved": "10.0.12",
        "contentHash": "0jKM5ZXk+o24eoOFmjN04vkojBBx1LLahDt/xCayu1AGbY5vnruHFrLEAd8vxDMmkOsm7eC6DwQ/uDRni88h4g=="
      },
      "runtime.maccatalyst-x64.runtime.native.System.IO.Ports": {
        "type": "Transitive",
        "resolved": "10.0.12",
        "contentHash": "ztIRG0G+EJDg++jVibtGTEJS70H90xUPPOPZKgnlwzvgaf/2nMgYvr+nxkVRoVFyQJXSJ11Z8PVDBKOyFdVk7Q=="
      },
      "runtime.native.System.Data.SqlClient.sni": {
        "type": "Transitive",
        "resolved": "4.4.0",
        "contentHash": "A8v6PGmk+UGbfWo5Ixup0lPM4swuSwOiayJExZwKIOjTlFFQIsu3QnDXECosBEyrWSPryxBVrdqtJyhK3BaupQ==",
        "dependencies": {
          "runtime.win-arm64.runtime.native.System.Data.SqlClient.sni": "4.4.0",
          "runtime.win-x64.runtime.native.System.Data.SqlClient.sni": "4.4.0",
          "runtime.win-x86.runtime.native.System.Data.SqlClient.sni": "4.4.0"
        }
      },
      "runtime.native.System.IO.Ports": {
        "type": "Transitive",
        "resolved": "10.0.12",
        "contentHash": "yBj+VYnDoB0jaq9mKgtDZJ13VndsD3WsDuWeqPaN1AXVwg7XgxHhxSq8+t7dWnTZY2kIC0qqmXH05DbdiOgtRw==",
        "dependencies": {
          "runtime.android-arm.runtime.native.System.IO.Ports": "10.0.12",
          "runtime.android-arm64.runtime.native.System.IO.Ports": "10.0.12",
          "runtime.android-x64.runtime.native.System.IO.Ports": "10.0.12",
          "runtime.android-x86.runtime.native.System.IO.Ports": "10.0.12",
          "runtime.linux-arm.runtime.native.System.IO.Ports": "10.0.12",
          "runtime.linux-arm64.runtime.native.System.IO.Ports": "10.0.12",
          "runtime.linux-bionic-arm64.runtime.native.System.IO.Ports": "10.0.12",
          "runtime.linux-bionic-x64.runtime.native.System.IO.Ports": "10.0.12",
          "runtime.linux-musl-arm.runtime.native.System.IO.Ports": "10.0.12",
          "runtime.linux-musl-arm64.runtime.native.System.IO.Ports": "10.0.12",
          "runtime.linux-musl-x64.runtime.native.System.IO.Ports": "10.0.12",
          "runtime.linux-x64.runtime.native.System.IO.Ports": "10.0.12",
          "runtime.maccatalyst-arm64.runtime.native.System.IO.Ports": "10.0.12",
          "runtime.maccatalyst-x64.runtime.native.System.IO.Ports": "10.0.12",
          "runtime.osx-arm64.runtime.native.System.IO.Ports": "10.0.12",
          "runtime.osx-x64.runtime.native.System.IO.Ports": "10.0.12"
        }
      },
      "runtime.osx-arm64.runtime.native.System.IO.Ports": {
        "type": "Transitive",
        "resolved": "10.0.12",
        "contentHash": "UqHl4MuMB3pNx1l5H1IFroh739Gq/yuF1IeXgMIaeFVWF+3YVRhZY4GvOCWfaQdBOUXIHezN6vxXnCO6ENdf2g=="
      },
      "runtime.osx-x64.runtime.native.System.IO.Ports": {
        "type": "Transitive",
        "resolved": "10.0.12",
        "contentHash": "xW3WrR+5Q5lKfsZpVD5I3H72xGKBPgdXnw+/qi/bN33TUP2dCOhZp4vQ5wB86WXfAv6QL9Jy55s5k9AalajO5w=="
      },
      "runtime.win-arm64.runtime.native.System.Data.SqlClient.sni": {
        "type": "Transitive",
        "resolved": "4.4.0",
        "contentHash": "LbrynESTp3bm5O/+jGL8v0Qg5SJlTV08lpIpFesXjF6uGNMWqFnUQbYBJwZTeua6E/Y7FIM1C54Ey1btLWupdg=="
      },
      "runtime.win-x64.runtime.native.System.Data.SqlClient.sni": {
        "type": "Transitive",
        "resolved": "4.4.0",
        "contentHash": "38ugOfkYJqJoX9g6EYRlZB5U2ZJH51UP8ptxZgdpS07FgOEToV+lS11ouNK2PM12Pr6X/PpT5jK82G3DwH/SxQ=="
      },
      "runtime.win-x86.runtime.native.System.Data.SqlClient.sni": {
        "type": "Transitive",
        "resolved": "4.4.0",
        "contentHash": "YhEdSQUsTx+C8m8Bw7ar5/VesXvCFMItyZF7G1AUY+OM0VPZUOeAVpJ4Wl6fydBGUYZxojTDR3I6Bj/+BPkJNA=="
      },
      "System.ComponentModel.Composition": {
        "type": "Transitive",
        "resolved": "10.0.12",
        "contentHash": "IY3Tj9IomTLOzXCBkOAftbBssN0Ub683o1TxxHPylnTli2N9SY9Bud6gYy/8rUU3K3+YyQII3NOYfVplj3YDjw=="
      },
      "System.ComponentModel.Composition.Registration": {
        "type": "Transitive",
        "resolved": "10.0.12",
        "contentHash": "WkRnZp85KGU9CFS7LFF5JgSrDCAFWFp49OC1p58YUJYymGGhiXyg+PfcoLGduX8Cnpv5r3rnYAg9YEb7VRlufw==",
        "dependencies": {
          "System.ComponentModel.Composition": "10.0.12",
          "System.Reflection.Context": "10.0.12"
        }
      },
      "System.Data.Odbc": {
        "type": "Transitive",
        "resolved": "10.0.12",
        "contentHash": "3ceyNfwX5JYE/FguDlbkC2hAjnpls48tNWi05uWLo4csQh3EcPRdFiMMm+zUiqz2AH9X2iHzKN8RnpdG+96pjg=="
      },
      "System.Data.OleDb": {
        "type": "Transitive",
        "resolved": "10.0.12",
        "contentHash": "IwdlDOFT+aVvq95Stb0+hX/L7id9eGOiYsfsbPQsComFWQQL9XoShkcx8qF/nhWL+/0sQgBfM0Yv9eB07/olYg=="
      },
      "System.Data.SqlClient": {
        "type": "Transitive",
        "resolved": "4.9.1",
        "contentHash": "A7RK9I4UaVHJ407GTfy37S4ABHt1+lZ+/uoA54zTv0XaaWgHO5BtXSMzMVqB6socIHEeeK5K1YRgaxCEfD79wQ==",
        "dependencies": {
          "runtime.native.System.Data.SqlClient.sni": "4.4.0"
        }
      },
      "System.DirectoryServices.AccountManagement": {
        "type": "Transitive",
        "resolved": "10.0.12",
        "contentHash": "0gUbKOSOSU5s0rcH4PpDW6MRO0acXj0FRQ082Wt8CqquVLU+Qd/eN3/Ao/d8qk30QB6wrF1F8f+QVGqkcR9LBQ==",
        "dependencies": {
          "System.DirectoryServices.Protocols": "10.0.12"
        }
      },
      "System.DirectoryServices.Protocols": {
        "type": "Transitive",
        "resolved": "10.0.12",
        "contentHash": "L2PHm7ewfjQYgbhBUB+lXiewxoNo+rhn06geWeUJP3qYCDnkL+Qibv6TEPMlMsF/zab4cU2bE8BWTBqzHZYiYg=="
      },
      "System.IO.Ports": {
        "type": "Transitive",
        "resolved": "10.0.12",
        "contentHash": "qUa36rEId4mz9sf7mICT3kKC0DUetmqaKSmJxPPx2hgT7U8qDTjCSrqmWkCIWpU00f2ltWloYB0iy5BKymIuuQ==",
        "dependencies": {
          "runtime.native.System.IO.Ports": "10.0.12"
        }
      },
      "System.Management": {
        "type": "Transitive",
        "resolved": "10.0.12",
        "contentHash": "ApUsYmsNG8aPiMxsO6ROGZnqJwSZY8zeMlAQcuQg+ilPFUcIyBUC0BL8qA6wmPLNVsvL4nyhUrhhxh6qn0cx0Q=="
      },
      "System.Reflection.Context": {
        "type": "Transitive",
        "resolved": "10.0.12",
        "contentHash": "NjoahCSV+S/QHumAIz4xdz7RmX+k4lzau+3apJwaafqmpmMpAWSlRhKah0mtWWnAz9IxiWdcxV7SXWYOD+ag3Q=="
      },
      "System.Runtime.Caching": {
        "type": "Transitive",
        "resolved": "10.0.12",
        "contentHash": "r2WLPGaLcR/IS7rFs1GjRoNM4qVPsQDu8HbWZBaN6oXNTeXYS5b/0mguQG6nrZfUtUXJ+QTYjEqrB8b4I2vhBg=="
      },
      "System.ServiceModel.Http": {
        "type": "Transitive",
        "resolved": "8.1.2",
        "contentHash": "2HoneRUCHB8kKQcuAladR16mIHuyi5f9DrrNnTjkaICv5X7YuwoI7GSrp9GTkRSxC4ddNcjMdwE01Rm0sPgoMw==",
        "dependencies": {
          "System.ServiceModel.Primitives": "8.1.2"
        }
      },
      "System.ServiceModel.NetFramingBase": {
        "type": "Transitive",
        "resolved": "8.1.2",
        "contentHash": "XDNsiI4Lrv4scb10salZNbUDJNYj3Qm39KeN9uulKXbgcxF/fNC+hCrLDAhNz/rIqxOeRB/JCfQ4A/Ha0hFAWg==",
        "dependencies": {
          "System.ServiceModel.Primitives": "8.1.2"
        }
      },
      "System.ServiceModel.NetTcp": {
        "type": "Transitive",
        "resolved": "8.1.2",
        "contentHash": "+H4KpATeOPxGfl8JlMpv+a7h6ZIItIhHXJRr+0/KKAP49TjHXybaNwFrUbpasAMVE+D+8M96GxRevzcqvahfAQ==",
        "dependencies": {
          "System.ServiceModel.NetFramingBase": "8.1.2",
          "System.ServiceModel.Primitives": "8.1.2"
        }
      },
      "System.ServiceModel.Primitives": {
        "type": "Transitive",
        "resolved": "8.1.2",
        "contentHash": "xlJ07FAUSDjPL/GhvVY1/KVPWn2ce056X4nHPwqAa5rkNLiNN5rqh6VcgMUoF6J7ckwhkVJ1vVx/K/47nyyR9g==",
        "dependencies": {
          "Microsoft.Extensions.ObjectPool": "8.0.10"
        }
      },
      "System.ServiceModel.Syndication": {
        "type": "Transitive",
        "resolved": "10.0.12",
        "contentHash": "tjtGiISGO8ndPV+opWzhiR11WS6ZKSNnTx/NLR+4KgzIhCliUYZerYuwU/6vauEQfIKBCp8qsxarwpjeAMFTpQ=="
      },
      "System.ServiceProcess.ServiceController": {
        "type": "Transitive",
        "resolved": "10.0.12",
        "contentHash": "sFV+RM/yPtshiCAEIuTm8Dt4F7VuKRbL50PnGC9nXHolk/jw+z3T8zx7axKTBC8mqtQU2ZmjsoPC9b1iwOilNQ=="
      },
      "System.Speech": {
        "type": "Transitive",
        "resolved": "10.0.12",
        "contentHash": "IrIKdPfbeCtgDeKQvJE2EtS8sSLxxpBRzCCpkg/4jORLwmhSUrVZtIrnbbaWQxo3tjnXK6aHH6MNsvi3S3PuTg=="
      },
      "System.Web.Services.Description": {
        "type": "Transitive",
        "resolved": "8.1.2",
        "contentHash": "FziIBleSpygZOBudSeMkawLgfarnSam7paGkTtV9ITyTmw/TdEqB+moS0TeApmNfAMWGbcWXDXr3djckuLgGDg=="
      },
      "WPF-UI.Abstractions": {
        "type": "Transitive",
        "resolved": "4.3.0",
        "contentHash": "7Kj9DmCCo4SOCd1jAiw4+EcMFP2nR8rLLvitAYzVtzbWToTsodkbie24+8x9C4LDLxkopWEUGX62szqqNy7oeg=="
      }
    },
    "net10.0-windows7.0/win-x64": {
      "Microsoft.Web.WebView2": {
        "type": "Direct",
        "requested": "[1.0.4191.47, )",
        "resolved": "1.0.4191.47",
        "contentHash": "Snb6mlTpuz6ZFjWMwIdg28Xp6kAUMy3zaLUyGbFSaw+/AJKlwoX8EiaWJ1eUMfKyJHksPkFjJHl1LIB7kX+0AQ=="
      },
      "runtime.android-arm.runtime.native.System.IO.Ports": {
        "type": "Transitive",
        "resolved": "10.0.12",
        "contentHash": "Z/jM+BuTfcX79NS8VbO4d15Tkyu8EqO2E8U3HiTQPpohGzhJFwlh6BNzbo/sYfhJSCPOzgSTNRNwIdT4LnVIRA=="
      },
      "runtime.android-arm64.runtime.native.System.IO.Ports": {
        "type": "Transitive",
        "resolved": "10.0.12",
        "contentHash": "utoE99MiG/ridu5LjjQifFt6qQ3vqGzWJt32McOc6BpgYfT8jcujFZTR3XKo5vbOH0P81niXQLYXq5wUkm8s5Q=="
      },
      "runtime.android-x64.runtime.native.System.IO.Ports": {
        "type": "Transitive",
        "resolved": "10.0.12",
        "contentHash": "j/bG8wTQ+qABBQtLqnvjna/e7EwN+oQKeXQF1J2sYp1qtAnrU93XukWk55gLcWPuStd/oEEGdBnmyS/rIJ2hRw=="
      },
      "runtime.android-x86.runtime.native.System.IO.Ports": {
        "type": "Transitive",
        "resolved": "10.0.12",
        "contentHash": "UnOkndww8moHF8NKSFyslswuIkEKOmxAdIW83gg2CV2JTh4G62jZ7PNYbSrYH2BTbAQA7UTGZWZgOALu/LzVVQ=="
      },
      "runtime.linux-arm.runtime.native.System.IO.Ports": {
        "type": "Transitive",
        "resolved": "10.0.12",
        "contentHash": "SZMB6F6EiZFNTHs5ado5lwqXsYit/bQdtSeaP/HxHqlJ67+aBwsElmT88UUZCnHTvdcSxNyntzelHmK2U6j+6g=="
      },
      "runtime.linux-arm64.runtime.native.System.IO.Ports": {
        "type": "Transitive",
        "resolved": "10.0.12",
        "contentHash": "C++hCDe7uJB69rlC8C4yBVxe6oJMCwK6+wXCHKz/8yHUm4UDUojxOj/DaXfK2M9zLVEurjEQTqfEKTkI5rmAhg=="
      },
      "runtime.linux-bionic-arm64.runtime.native.System.IO.Ports": {
        "type": "Transitive",
        "resolved": "10.0.12",
        "contentHash": "aPlLOh2vMfMiWaEcxB72t4LZehqXria6O+/KSwk0SClBDEDOetDMeGzvAL2eSW49GTTJOUgfPG4Ar6AYGpOeOg=="
      },
      "runtime.linux-bionic-x64.runtime.native.System.IO.Ports": {
        "type": "Transitive",
        "resolved": "10.0.12",
        "contentHash": "39560dDxf2JWUjeBKPh+1Hzijsd60U2W5UMc2iqno/qae7ESARett9JegQA8q0rgqztGBzZFfr8GvVu2QptYpA=="
      },
      "runtime.linux-musl-arm.runtime.native.System.IO.Ports": {
        "type": "Transitive",
        "resolved": "10.0.12",
        "contentHash": "2KI4Qr0w17xkKtLXgo5e3BkElEa4bTCapevoNOH9NgRZKIKmHiwGWDVHWjLp8z8oGpeF3cD4YNuJmycT/yMzkg=="
      },
      "runtime.linux-musl-arm64.runtime.native.System.IO.Ports": {
        "type": "Transitive",
        "resolved": "10.0.12",
        "contentHash": "HSZfyGYdk/AQpN1TjdAE7DbUItEMPPoOemNSQ+fMwT0r7ATigIK9Z0RA+q/J6aZGg0qh9s0ekm/9xxEIZzOnLA=="
      },
      "runtime.linux-musl-x64.runtime.native.System.IO.Ports": {
        "type": "Transitive",
        "resolved": "10.0.12",
        "contentHash": "T4QpdiKC2SnSREXzex8METnaj5F9KL0hIcDypDhONRXykmySxLSUnLV1u6hMtxONhKo1RXTGg0P/+zZ95cREaw=="
      },
      "runtime.linux-x64.runtime.native.System.IO.Ports": {
        "type": "Transitive",
        "resolved": "10.0.12",
        "contentHash": "MDmkBZV5iTMC/vBcWupVo50Uj/I+nWUeB/DaG4ZbowZFJWPiViCaJpCkgABnRBtXLdzIMEtqQ2GwPbp1JlkzTw=="
      },
      "runtime.maccatalyst-arm64.runtime.native.System.IO.Ports": {
        "type": "Transitive",
        "resolved": "10.0.12",
        "contentHash": "0jKM5ZXk+o24eoOFmjN04vkojBBx1LLahDt/xCayu1AGbY5vnruHFrLEAd8vxDMmkOsm7eC6DwQ/uDRni88h4g=="
      },
      "runtime.maccatalyst-x64.runtime.native.System.IO.Ports": {
        "type": "Transitive",
        "resolved": "10.0.12",
        "contentHash": "ztIRG0G+EJDg++jVibtGTEJS70H90xUPPOPZKgnlwzvgaf/2nMgYvr+nxkVRoVFyQJXSJ11Z8PVDBKOyFdVk7Q=="
      },
      "runtime.osx-arm64.runtime.native.System.IO.Ports": {
        "type": "Transitive",
        "resolved": "10.0.12",
        "contentHash": "UqHl4MuMB3pNx1l5H1IFroh739Gq/yuF1IeXgMIaeFVWF+3YVRhZY4GvOCWfaQdBOUXIHezN6vxXnCO6ENdf2g=="
      },
      "runtime.osx-x64.runtime.native.System.IO.Ports": {
        "type": "Transitive",
        "resolved": "10.0.12",
        "contentHash": "xW3WrR+5Q5lKfsZpVD5I3H72xGKBPgdXnw+/qi/bN33TUP2dCOhZp4vQ5wB86WXfAv6QL9Jy55s5k9AalajO5w=="
      },
      "runtime.win-arm64.runtime.native.System.Data.SqlClient.sni": {
        "type": "Transitive",
        "resolved": "4.4.0",
        "contentHash": "LbrynESTp3bm5O/+jGL8v0Qg5SJlTV08lpIpFesXjF6uGNMWqFnUQbYBJwZTeua6E/Y7FIM1C54Ey1btLWupdg=="
      },
      "runtime.win-x64.runtime.native.System.Data.SqlClient.sni": {
        "type": "Transitive",
        "resolved": "4.4.0",
        "contentHash": "38ugOfkYJqJoX9g6EYRlZB5U2ZJH51UP8ptxZgdpS07FgOEToV+lS11ouNK2PM12Pr6X/PpT5jK82G3DwH/SxQ=="
      },
      "runtime.win-x86.runtime.native.System.Data.SqlClient.sni": {
        "type": "Transitive",
        "resolved": "4.4.0",
        "contentHash": "YhEdSQUsTx+C8m8Bw7ar5/VesXvCFMItyZF7G1AUY+OM0VPZUOeAVpJ4Wl6fydBGUYZxojTDR3I6Bj/+BPkJNA=="
      },
      "System.Data.Odbc": {
        "type": "Transitive",
        "resolved": "10.0.12",
        "contentHash": "3ceyNfwX5JYE/FguDlbkC2hAjnpls48tNWi05uWLo4csQh3EcPRdFiMMm+zUiqz2AH9X2iHzKN8RnpdG+96pjg=="
      },
      "System.Data.OleDb": {
        "type": "Transitive",
        "resolved": "10.0.12",
        "contentHash": "IwdlDOFT+aVvq95Stb0+hX/L7id9eGOiYsfsbPQsComFWQQL9XoShkcx8qF/nhWL+/0sQgBfM0Yv9eB07/olYg=="
      },
      "System.Data.SqlClient": {
        "type": "Transitive",
        "resolved": "4.9.1",
        "contentHash": "A7RK9I4UaVHJ407GTfy37S4ABHt1+lZ+/uoA54zTv0XaaWgHO5BtXSMzMVqB6socIHEeeK5K1YRgaxCEfD79wQ==",
        "dependencies": {
          "runtime.native.System.Data.SqlClient.sni": "4.4.0"
        }
      },
      "System.DirectoryServices.AccountManagement": {
        "type": "Transitive",
        "resolved": "10.0.12",
        "contentHash": "0gUbKOSOSU5s0rcH4PpDW6MRO0acXj0FRQ082Wt8CqquVLU+Qd/eN3/Ao/d8qk30QB6wrF1F8f+QVGqkcR9LBQ==",
        "dependencies": {
          "System.DirectoryServices.Protocols": "10.0.12"
        }
      },
      "System.DirectoryServices.Protocols": {
        "type": "Transitive",
        "resolved": "10.0.12",
        "contentHash": "L2PHm7ewfjQYgbhBUB+lXiewxoNo+rhn06geWeUJP3qYCDnkL+Qibv6TEPMlMsF/zab4cU2bE8BWTBqzHZYiYg=="
      },
      "System.IO.Ports": {
        "type": "Transitive",
        "resolved": "10.0.12",
        "contentHash": "qUa36rEId4mz9sf7mICT3kKC0DUetmqaKSmJxPPx2hgT7U8qDTjCSrqmWkCIWpU00f2ltWloYB0iy5BKymIuuQ==",
        "dependencies": {
          "runtime.native.System.IO.Ports": "10.0.12"
        }
      },
      "System.Management": {
        "type": "Transitive",
        "resolved": "10.0.12",
        "contentHash": "ApUsYmsNG8aPiMxsO6ROGZnqJwSZY8zeMlAQcuQg+ilPFUcIyBUC0BL8qA6wmPLNVsvL4nyhUrhhxh6qn0cx0Q=="
      },
      "System.Runtime.Caching": {
        "type": "Transitive",
        "resolved": "10.0.12",
        "contentHash": "r2WLPGaLcR/IS7rFs1GjRoNM4qVPsQDu8HbWZBaN6oXNTeXYS5b/0mguQG6nrZfUtUXJ+QTYjEqrB8b4I2vhBg=="
      },
      "System.ServiceProcess.ServiceController": {
        "type": "Transitive",
        "resolved": "10.0.12",
        "contentHash": "sFV+RM/yPtshiCAEIuTm8Dt4F7VuKRbL50PnGC9nXHolk/jw+z3T8zx7axKTBC8mqtQU2ZmjsoPC9b1iwOilNQ=="
      },
      "System.Speech": {
        "type": "Transitive",
        "resolved": "10.0.12",
        "contentHash": "IrIKdPfbeCtgDeKQvJE2EtS8sSLxxpBRzCCpkg/4jORLwmhSUrVZtIrnbbaWQxo3tjnXK6aHH6MNsvi3S3PuTg=="
      }
    }
  }
}